{
  "version": 4,
  "terraform_version": "1.6.1",
  "serial": 12,
  "lineage": "1be63b77-169f-7fb5-b3e6-b4d775a94fa3",
  "outputs": {
    "arns": {
      "value": [
        "arn:aws:iam::393362234808:user/system/iamuser.0",
        "arn:aws:iam::393362234808:user/system/iamuser.1",
        "arn:aws:iam::393362234808:user/system/iamuser.2"
      ],
      "type": [
        "tuple",
        [
          "string",
          "string",
          "string"
        ]
      ]
    }
  },
  "resources": [
    {
      "mode": "managed",
      "type": "aws_iam_user",
      "name": "lb",
      "provider": "provider[\"registry.terraform.io/hashicorp/aws\"]",
      "instances": [
        {
          "index_key": 0,
          "schema_version": 0,
          "attributes": {
            "arn": "arn:aws:iam::393362234808:user/system/iamuser.0",
            "force_destroy": false,
            "id": "iamuser.0",
            "name": "iamuser.0",
            "path": "/system/",
            "permissions_boundary": null,
            "tags": null,
            "tags_all": {},
            "unique_id": "AIDAVXFRXLW4KLPZIL2BS"
          },
          "sensitive_attributes": [],
          "private": "bnVsbA=="
        },
        {
          "index_key": 1,
          "schema_version": 0,
          "attributes": {
            "arn": "arn:aws:iam::393362234808:user/system/iamuser.1",
            "force_destroy": false,
            "id": "iamuser.1",
            "name": "iamuser.1",
            "path": "/system/",
            "permissions_boundary": null,
            "tags": null,
            "tags_all": {},
            "unique_id": "AIDAVXFRXLW4OFXP2GKQZ"
          },
          "sensitive_attributes": [],
          "private": "bnVsbA=="
        },
        {
          "index_key": 2,
          "schema_version": 0,
          "attributes": {
            "arn": "arn:aws:iam::393362234808:user/system/iamuser.2",
            "force_destroy": false,
            "id": "iamuser.2",
            "name": "iamuser.2",
            "path": "/system/",
            "permissions_boundary": null,
            "tags": null,
            "tags_all": {},
            "unique_id": "AIDAVXFRXLW4LPB6ZIQ2E"
          },
          "sensitive_attributes": [],
          "private": "bnVsbA=="
        }
      ]
    }
  ],
  "check_results": null
}
